
Microsoft Visual Studio Solution File, Format Version 12.00
# Visual Studio Version 17
VisualStudioVersion = 17.14.36429.23
MinimumVisualStudioVersion = 10.0.40219.1
Project("{2150E333-8FDC-42A3-9474-1A3956D46DE8}") = "src", "src", "{02EA681E-C7D8-13C7-8484-4AC65E1B71E8}"
EndProject
Project("{2150E333-8FDC-42A3-9474-1A3956D46DE8}") = "test", "test", "{37584E39-6892-434A-9C61-75F46C52A588}"
EndProject
Project("{FAE04EC0-301F-11D3-BF4B-00C04F79EFBC}") = "Bookify.Domain", "Bookify.Domain\Bookify.Domain.csproj", "{AB4D2E5D-1C2E-4762-A322-609334DC6C95}"
EndProject
Project("{FAE04EC0-301F-11D3-BF4B-00C04F79EFBC}") = "Bookify.Application", "Bookify.Application\Bookify.Application.csproj", "{93E88D73-BD31-4618-A9ED-0B3FECE91D8F}"
EndProject
Project("{FAE04EC0-301F-11D3-BF4B-00C04F79EFBC}") = "Bookify.Infrastructure", "Bookify.Infrastructure\Bookify.Infrastructure.csproj", "{7A7F29F0-8BE4-4515-8716-0E61A78C2C81}"
EndProject
Project("{FAE04EC0-301F-11D3-BF4B-00C04F79EFBC}") = "Bookify.Api", "Bookify.Api\Bookify.Api.csproj", "{DE205B6A-B3ED-41D4-AF36-5227D5D919C5}"
EndProject
Project("{E53339B2-1760-4266-BCC7-CA923CBCF16C}") = "docker-compose", "docker-compose.dcproj", "{81DDED9D-158B-E303-5F62-77A2896D2A5A}"
EndProject
Global
	GlobalSection(SolutionConfigurationPlatforms) = preSolution
		Debug|Any CPU = Debug|Any CPU
		Release|Any CPU = Release|Any CPU
	EndGlobalSection
	GlobalSection(ProjectConfigurationPlatforms) = postSolution
		{AB4D2E5D-1C2E-4762-A322-609334DC6C95}.Debug|Any CPU.ActiveCfg = Debug|Any CPU
		{AB4D2E5D-1C2E-4762-A322-609334DC6C95}.Debug|Any CPU.Build.0 = Debug|Any CPU
		{AB4D2E5D-1C2E-4762-A322-609334DC6C95}.Release|Any CPU.ActiveCfg = Release|Any CPU
		{AB4D2E5D-1C2E-4762-A322-609334DC6C95}.Release|Any CPU.Build.0 = Release|Any CPU
		{93E88D73-BD31-4618-A9ED-0B3FECE91D8F}.Debug|Any CPU.ActiveCfg = Debug|Any CPU
		{93E88D73-BD31-4618-A9ED-0B3FECE91D8F}.Debug|Any CPU.Build.0 = Debug|Any CPU
		{93E88D73-BD31-4618-A9ED-0B3FECE91D8F}.Release|Any CPU.ActiveCfg = Release|Any CPU
		{93E88D73-BD31-4618-A9ED-0B3FECE91D8F}.Release|Any CPU.Build.0 = Release|Any CPU
		{7A7F29F0-8BE4-4515-8716-0E61A78C2C81}.Debug|Any CPU.ActiveCfg = Debug|Any CPU
		{7A7F29F0-8BE4-4515-8716-0E61A78C2C81}.Debug|Any CPU.Build.0 = Debug|Any CPU
		{7A7F29F0-8BE4-4515-8716-0E61A78C2C81}.Release|Any CPU.ActiveCfg = Release|Any CPU
		{7A7F29F0-8BE4-4515-8716-0E61A78C2C81}.Release|Any CPU.Build.0 = Release|Any CPU
		{DE205B6A-B3ED-41D4-AF36-5227D5D919C5}.Debug|Any CPU.ActiveCfg = Debug|Any CPU
		{DE205B6A-B3ED-41D4-AF36-5227D5D919C5}.Debug|Any CPU.Build.0 = Debug|Any CPU
		{DE205B6A-B3ED-41D4-AF36-5227D5D919C5}.Release|Any CPU.ActiveCfg = Release|Any CPU
		{DE205B6A-B3ED-41D4-AF36-5227D5D919C5}.Release|Any CPU.Build.0 = Release|Any CPU
		{81DDED9D-158B-E303-5F62-77A2896D2A5A}.Debug|Any CPU.ActiveCfg = Debug|Any CPU
		{81DDED9D-158B-E303-5F62-77A2896D2A5A}.Debug|Any CPU.Build.0 = Debug|Any CPU
		{81DDED9D-158B-E303-5F62-77A2896D2A5A}.Release|Any CPU.ActiveCfg = Release|Any CPU
		{81DDED9D-158B-E303-5F62-77A2896D2A5A}.Release|Any CPU.Build.0 = Release|Any CPU
	EndGlobalSection
	GlobalSection(SolutionProperties) = preSolution
		HideSolutionNode = FALSE
	EndGlobalSection
	GlobalSection(NestedProjects) = preSolution
		{AB4D2E5D-1C2E-4762-A322-609334DC6C95} = {02EA681E-C7D8-13C7-8484-4AC65E1B71E8}
		{93E88D73-BD31-4618-A9ED-0B3FECE91D8F} = {02EA681E-C7D8-13C7-8484-4AC65E1B71E8}
		{7A7F29F0-8BE4-4515-8716-0E61A78C2C81} = {02EA681E-C7D8-13C7-8484-4AC65E1B71E8}
		{DE205B6A-B3ED-41D4-AF36-5227D5D919C5} = {02EA681E-C7D8-13C7-8484-4AC65E1B71E8}
	EndGlobalSection
	GlobalSection(ExtensibilityGlobals) = postSolution
		SolutionGuid = {1B0CEA39-68A0-4913-81B2-D78B20FB4BFE}
	EndGlobalSection
EndGlobal
